// !$*UTF8*$!
{
	archiveVersion = 1;
	classes = {
	};
	objectVersion = 51;
	objects = {

/* Begin PBXBuildFile section */
		51F7B6D7274849250016D6BA /* GoogleService-Info.plist in Resources */ = {isa = PBXBuildFile; fileRef = 51F7B6D6274849250016D6BA /* GoogleService-Info.plist */; };
		51F7B6D9274853B00016D6BA /* GoogleService-Info .plist in Resources */ = {isa = PBXBuildFile; fileRef = 51F7B6D8274853B00016D6BA /* GoogleService-Info .plist */; };
		B01BB66FAD6A0B360117F215 /* Pods_Reading_List_App.framework in Frameworks */ = {isa = PBXBuildFile; fileRef = BDE05C3F2185D31981A0FC38 /* Pods_Reading_List_App.framework */; };
		C303870E2637BAA5008ED43A /* ReadingListApp.swift in Sources */ = {isa = PBXBuildFile; fileRef = C303870D2637BAA5008ED43A /* ReadingListApp.swift */; };
		C30387102637BAA5008ED43A /* ContentView.swift in Sources */ = {isa = PBXBuildFile; fileRef = C303870F2637BAA5008ED43A /* ContentView.swift */; };
		C30387122637BAA5008ED43A /* Assets.xcassets in Resources */ = {isa = PBXBuildFile; fileRef = C30387112637BAA5008ED43A /* Assets.xcassets */; };
		C30387152637BAA5008ED43A /* Preview Assets.xcassets in Resources */ = {isa = PBXBuildFile; fileRef = C30387142637BAA5008ED43A /* Preview Assets.xcassets */; };
		C30A61FF263A3F5C00F7E03B /* BookDetails.swift in Sources */ = {isa = PBXBuildFile; fileRef = C30A61FE263A3F5C00F7E03B /* BookDetails.swift */; };
		C30A6202263A859500F7E03B /* AddBook.swift in Sources */ = {isa = PBXBuildFile; fileRef = C30A6201263A859500F7E03B /* AddBook.swift */; };
		C3656A9926390A8F008CEC04 /* FullView.swift in Sources */ = {isa = PBXBuildFile; fileRef = C3656A9826390A8F008CEC04 /* FullView.swift */; };
		C3656A9C26390A97008CEC04 /* GenreView.swift in Sources */ = {isa = PBXBuildFile; fileRef = C3656A9B26390A97008CEC04 /* GenreView.swift */; };
		C3656AA926390E8B008CEC04 /* ReadingListModel.swift in Sources */ = {isa = PBXBuildFile; fileRef = C3656AA826390E8B008CEC04 /* ReadingListModel.swift */; };
		C3656AAC263913B3008CEC04 /* GenreSection.swift in Sources */ = {isa = PBXBuildFile; fileRef = C3656AAB263913B3008CEC04 /* GenreSection.swift */; };
		C3656ABF26391639008CEC04 /* Book.swift in Sources */ = {isa = PBXBuildFile; fileRef = C3656ABE26391639008CEC04 /* Book.swift */; };
/* End PBXBuildFile section */

/* Begin PBXFileReference section */
		51F7B6D6274849250016D6BA /* GoogleService-Info.plist */ = {isa = PBXFileReference; fileEncoding = 4; lastKnownFileType = text.plist.xml; path = "GoogleService-Info.plist"; sourceTree = "<group>"; };
		51F7B6D8274853B00016D6BA /* GoogleService-Info .plist */ = {isa = PBXFileReference; fileEncoding = 4; lastKnownFileType = text.plist.xml; path = "GoogleService-Info .plist"; sourceTree = "<group>"; };
		69F34FD4C7DB411F03FBF325 /* Pods-Reading List App.debug.xcconfig */ = {isa = PBXFileReference; includeInIndex = 1; lastKnownFileType = text.xcconfig; name = "Pods-Reading List App.debug.xcconfig"; path = "Target Support Files/Pods-Reading List App/Pods-Reading List App.debug.xcconfig"; sourceTree = "<group>"; };
		B9EDF311BB790D4BAEA2FADC /* Pods-Reading List App.release.xcconfig */ = {isa = PBXFileReference; includeInIndex = 1; lastKnownFileType = text.xcconfig; name = "Pods-Reading List App.release.xcconfig"; path = "Target Support Files/Pods-Reading List App/Pods-Reading List App.release.xcconfig"; sourceTree = "<group>"; };
		BDE05C3F2185D31981A0FC38 /* Pods_Reading_List_App.framework */ = {isa = PBXFileReference; explicitFileType = wrapper.framework; includeInIndex = 0; path = Pods_Reading_List_App.framework; sourceTree = BUILT_PRODUCTS_DIR; };
		C303870A2637BAA5008ED43A /* Reading List App.app */ = {isa = PBXFileReference; explicitFileType = wrapper.application; includeInIndex = 0; path = "Reading List App.app"; sourceTree = BUILT_PRODUCTS_DIR; };
		C303870D2637BAA5008ED43A /* ReadingListApp.swift */ = {isa = PBXFileReference; lastKnownFileType = sourcecode.swift; path = ReadingListApp.swift; sourceTree = "<group>"; };
		C303870F2637BAA5008ED43A /* ContentView.swift */ = {isa = PBXFileReference; lastKnownFileType = sourcecode.swift; path = ContentView.swift; sourceTree = "<group>"; };
		C30387112637BAA5008ED43A /* Assets.xcassets */ = {isa = PBXFileReference; lastKnownFileType = folder.assetcatalog; path = Assets.xcassets; sourceTree = "<group>"; };
		C30387142637BAA5008ED43A /* Preview Assets.xcassets */ = {isa = PBXFileReference; lastKnownFileType = folder.assetcatalog; path = "Preview Assets.xcassets"; sourceTree = "<group>"; };
		C30387162637BAA5008ED43A /* Info.plist */ = {isa = PBXFileReference; lastKnownFileType = text.plist.xml; path = Info.plist; sourceTree = "<group>"; };
		C30A61FE263A3F5C00F7E03B /* BookDetails.swift */ = {isa = PBXFileReference; lastKnownFileType = sourcecode.swift; path = BookDetails.swift; sourceTree = "<group>"; };
		C30A6201263A859500F7E03B /* AddBook.swift */ = {isa = PBXFileReference; lastKnownFileType = sourcecode.swift; path = AddBook.swift; sourceTree = "<group>"; };
		C3656A9826390A8F008CEC04 /* FullView.swift */ = {isa = PBXFileReference; lastKnownFileType = sourcecode.swift; path = FullView.swift; sourceTree = "<group>"; };
		C3656A9B26390A97008CEC04 /* GenreView.swift */ = {isa = PBXFileReference; lastKnownFileType = sourcecode.swift; path = GenreView.swift; sourceTree = "<group>"; };
		C3656AA826390E8B008CEC04 /* ReadingListModel.swift */ = {isa = PBXFileReference; lastKnownFileType = sourcecode.swift; path = ReadingListModel.swift; sourceTree = "<group>"; };
		C3656AAB263913B3008CEC04 /* GenreSection.swift */ = {isa = PBXFileReference; lastKnownFileType = sourcecode.swift; path = GenreSection.swift; sourceTree = "<group>"; };
		C3656ABE26391639008CEC04 /* Book.swift */ = {isa = PBXFileReference; lastKnownFileType = sourcecode.swift; path = Book.swift; sourceTree = "<group>"; };
/* End PBXFileReference section */

/* Begin PBXFrameworksBuildPhase section */
		C30387072637BAA5008ED43A /* Frameworks */ = {
			isa = PBXFrameworksBuildPhase;
			buildActionMask = 2147483647;
			files = (
				B01BB66FAD6A0B360117F215 /* Pods_Reading_List_App.framework in Frameworks */,
			);
			runOnlyForDeploymentPostprocessing = 0;
		};
/* End PBXFrameworksBuildPhase section */

/* Begin PBXGroup section */
		995EB98ED571F4B3BE9171F6 /* Pods */ = {
			isa = PBXGroup;
			children = (
				69F34FD4C7DB411F03FBF325 /* Pods-Reading List App.debug.xcconfig */,
				B9EDF311BB790D4BAEA2FADC /* Pods-Reading List App.release.xcconfig */,
			);
			path = Pods;
			sourceTree = "<group>";
		};
		B353218279BF6A173FB9B3FA /* Frameworks */ = {
			isa = PBXGroup;
			children = (
				BDE05C3F2185D31981A0FC38 /* Pods_Reading_List_App.framework */,
			);
			name = Frameworks;
			sourceTree = "<group>";
		};
		C30387012637BAA5008ED43A = {
			isa = PBXGroup;
			children = (
				C303870C2637BAA5008ED43A /* Reading List App */,
				C303870B2637BAA5008ED43A /* Products */,
				995EB98ED571F4B3BE9171F6 /* Pods */,
				B353218279BF6A173FB9B3FA /* Frameworks */,
			);
			sourceTree = "<group>";
		};
		C303870B2637BAA5008ED43A /* Products */ = {
			isa = PBXGroup;
			children = (
				C303870A2637BAA5008ED43A /* Reading List App.app */,
			);
			name = Products;
			sourceTree = "<group>";
		};
		C303870C2637BAA5008ED43A /* Reading List App */ = {
			isa = PBXGroup;
			children = (
				C303870D2637BAA5008ED43A /* ReadingListApp.swift */,
				C3656A9E26390AEC008CEC04 /* Views */,
				C3656A9F26390AF3008CEC04 /* ViewModel */,
				C3656ABD26391629008CEC04 /* Models */,
				C30387112637BAA5008ED43A /* Assets.xcassets */,
				C30387162637BAA5008ED43A /* Info.plist */,
				51F7B6D8274853B00016D6BA /* GoogleService-Info .plist */,
				51F7B6D6274849250016D6BA /* GoogleService-Info.plist */,
				C30387132637BAA5008ED43A /* Preview Content */,
			);
			path = "Reading List App";
			sourceTree = "<group>";
		};
		C30387132637BAA5008ED43A /* Preview Content */ = {
			isa = PBXGroup;
			children = (
				C30387142637BAA5008ED43A /* Preview Assets.xcassets */,
			);
			path = "Preview Content";
			sourceTree = "<group>";
		};
		C3656A9E26390AEC008CEC04 /* Views */ = {
			isa = PBXGroup;
			children = (
				C303870F2637BAA5008ED43A /* ContentView.swift */,
				C3656A9826390A8F008CEC04 /* FullView.swift */,
				C3656AAB263913B3008CEC04 /* GenreSection.swift */,
				C30A61FE263A3F5C00F7E03B /* BookDetails.swift */,
				C30A6201263A859500F7E03B /* AddBook.swift */,
				C3656A9B26390A97008CEC04 /* GenreView.swift */,
			);
			path = Views;
			sourceTree = "<group>";
		};
		C3656A9F26390AF3008CEC04 /* ViewModel */ = {
			isa = PBXGroup;
			children = (
				C3656AA826390E8B008CEC04 /* ReadingListModel.swift */,
			);
			path = ViewModel;
			sourceTree = "<group>";
		};
		C3656ABD26391629008CEC04 /* Models */ = {
			isa = PBXGroup;
			children = (
				C3656ABE26391639008CEC04 /* Book.swift */,
			);
			path = Models;
			sourceTree = "<group>";
		};
/* End PBXGroup section */

/* Begin PBXNativeTarget section */
		C30387092637BAA5008ED43A /* Reading List App */ = {
			isa = PBXNativeTarget;
			buildConfigurationList = C30387192637BAA5008ED43A /* Build configuration list for PBXNativeTarget "Reading List App" */;
			buildPhases = (
				609C588202226262B52507A6 /* [CP] Check Pods Manifest.lock */,
				C30387062637BAA5008ED43A /* Sources */,
				C30387072637BAA5008ED43A /* Frameworks */,
				C30387082637BAA5008ED43A /* Resources */,
				D9E7821BCB6C985046992AFA /* [CP] Embed Pods Frameworks */,
			);
			buildRules = (
			);
			dependencies = (
			);
			name = "Reading List App";
			productName = "Reading List App";
			productReference = C303870A2637BAA5008ED43A /* Reading List App.app */;
			productType = "com.apple.product-type.application";
		};
/* End PBXNativeTarget section */

/* Begin PBXProject section */
		C30387022637BAA5008ED43A /* Project object */ = {
			isa = PBXProject;
			attributes = {
				LastSwiftUpdateCheck = 1230;
				LastUpgradeCheck = 1230;
				TargetAttributes = {
					C30387092637BAA5008ED43A = {
						CreatedOnToolsVersion = 12.3;
					};
				};
			};
			buildConfigurationList = C30387052637BAA5008ED43A /* Build configuration list for PBXProject "Reading List App" */;
			compatibilityVersion = "Xcode 9.3";
			developmentRegion = en;
			hasScannedForEncodings = 0;
			knownRegions = (
				en,
				Base,
			);
			mainGroup = C30387012637BAA5008ED43A;
			productRefGroup = C303870B2637BAA5008ED43A /* Products */;
			projectDirPath = "";
			projectRoot = "";
			targets = (
				C30387092637BAA5008ED43A /* Reading List App */,
			);
		};
/* End PBXProject section */

/* Begin PBXResourcesBuildPhase section */
		C30387082637BAA5008ED43A /* Resources */ = {
			isa = PBXResourcesBuildPhase;
			buildActionMask = 2147483647;
			files = (
				C30387152637BAA5008ED43A /* Preview Assets.xcassets in Resources */,
				C30387122637BAA5008ED43A /* Assets.xcassets in Resources */,
				51F7B6D9274853B00016D6BA /* GoogleService-Info .plist in Resources */,
				51F7B6D7274849250016D6BA /* GoogleService-Info.plist in Resources */,
			);
			runOnlyForDeploymentPostprocessing = 0;
		};
/* End PBXResourcesBuildPhase section */

/* Begin PBXShellScriptBuildPhase section */
		609C588202226262B52507A6 /* [CP] Check Pods Manifest.lock */ = {
			isa = PBXShellScriptBuildPhase;
			buildActionMask = 2147483647;
			files = (
			);
			inputFileListPaths = (
			);
			inputPaths = (
				"${PODS_PODFILE_DIR_PATH}/Podfile.lock",
				"${PODS_ROOT}/Manifest.lock",
			);
			name = "[CP] Check Pods Manifest.lock";
			outputFileListPaths = (
			);
			outputPaths = (
				"$(DERIVED_FILE_DIR)/Pods-Reading List App-checkManifestLockResult.txt",
			);
			runOnlyForDeploymentPostprocessing = 0;
			shellPath = /bin/sh;
			shellScript = "diff \"${PODS_PODFILE_DIR_PATH}/Podfile.lock\" \"${PODS_ROOT}/Manifest.lock\" > /dev/null\nif [ $? != 0 ] ; then\n    # print error to STDERR\n    echo \"error: The sandbox is not in sync with the Podfile.lock. Run 'pod install' or update your CocoaPods installation.\" >&2\n    exit 1\nfi\n# This output is used by Xcode 'outputs' to avoid re-running this script phase.\necho \"SUCCESS\" > \"${SCRIPT_OUTPUT_FILE_0}\"\n";
			showEnvVarsInLog = 0;
		};
		D9E7821BCB6C985046992AFA /* [CP] Embed Pods Frameworks */ = {
			isa = PBXShellScriptBuildPhase;
			buildActionMask = 2147483647;
			files = (
			);
			inputFileListPaths = (
				"${PODS_ROOT}/Target Support Files/Pods-Reading List App/Pods-Reading List App-frameworks-${CONFIGURATION}-input-files.xcfilelist",
			);
			name = "[CP] Embed Pods Frameworks";
			outputFileListPaths = (
				"${PODS_ROOT}/Target Support Files/Pods-Reading List App/Pods-Reading List App-frameworks-${CONFIGURATION}-output-files.xcfilelist",
			);
			runOnlyForDeploymentPostprocessing = 0;
			shellPath = /bin/sh;
			shellScript = "\"${PODS_ROOT}/Target Support Files/Pods-Reading List App/Pods-Reading List App-frameworks.sh\"\n";
			showEnvVarsInLog = 0;
		};
/* End PBXShellScriptBuildPhase section */

/* Begin PBXSourcesBuildPhase section */
		C30387062637BAA5008ED43A /* Sources */ = {
			isa = PBXSourcesBuildPhase;
			buildActionMask = 2147483647;
			files = (
				C3656AA926390E8B008CEC04 /* ReadingListModel.swift in Sources */,
				C30387102637BAA5008ED43A /* ContentView.swift in Sources */,
				C303870E2637BAA5008ED43A /* ReadingListApp.swift in Sources */,
				C30A6202263A859500F7E03B /* AddBook.swift in Sources */,
				C3656ABF26391639008CEC04 /* Book.swift in Sources */,
				C30A61FF263A3F5C00F7E03B /* BookDetails.swift in Sources */,
				C3656A9C26390A97008CEC04 /* GenreView.swift in Sources */,
				C3656AAC263913B3008CEC04 /* GenreSection.swift in Sources */,
				C3656A9926390A8F008CEC04 /* FullView.swift in Sources */,
			);
			runOnlyForDeploymentPostprocessing = 0;
		};
/* End PBXSourcesBuildPhase section */

/* Begin XCBuildConfiguration section */
		C30387172637BAA5008ED43A /* Debug */ = {
			isa = XCBuildConfiguration;
			buildSettings = {
				ALWAYS_SEARCH_USER_PATHS = NO;
				CLANG_ANALYZER_NONNULL = YES;
				CLANG_ANALYZER_NUMBER_OBJECT_CONVERSION = YES_AGGRESSIVE;
				CLANG_CXX_LANGUAGE_STANDARD = "gnu++14";
				CLANG_CXX_LIBRARY = "libc++";
				CLANG_ENABLE_MODULES = YES;
				CLANG_ENABLE_OBJC_ARC = YES;
				CLANG_ENABLE_OBJC_WEAK = YES;
				CLANG_WARN_BLOCK_CAPTURE_AUTORELEASING = YES;
				CLANG_WARN_BOOL_CONVERSION = YES;
				CLANG_WARN_COMMA = YES;
				CLANG_WARN_CONSTANT_CONVERSION = YES;
				CLANG_WARN_DEPRECATED_OBJC_IMPLEMENTATIONS = YES;
				CLANG_WARN_DIRECT_OBJC_ISA_USAGE = YES_ERROR;
				CLANG_WARN_DOCUMENTATION_COMMENTS = YES;
				CLANG_WARN_EMPTY_BODY = YES;
				CLANG_WARN_ENUM_CONVERSION = YES;
				CLANG_WARN_INFINITE_RECURSION = YES;
				CLANG_WARN_INT_CONVERSION = YES;
				CLANG_WARN_NON_LITERAL_NULL_CONVERSION = YES;
				CLANG_WARN_OBJC_IMPLICIT_RETAIN_SELF = YES;
				CLANG_WARN_OBJC_LITERAL_CONVERSION = YES;
				CLANG_WARN_OBJC_ROOT_CLASS = YES_ERROR;
				CLANG_WARN_QUOTED_INCLUDE_IN_FRAMEWORK_HEADER = YES;
				CLANG_WARN_RANGE_LOOP_ANALYSIS = YES;
				CLANG_WARN_STRICT_PROTOTYPES = YES;
				CLANG_WARN_SUSPICIOUS_MOVE = YES;
				CLANG_WARN_UNGUARDED_AVAILABILITY = YES_AGGRESSIVE;
				CLANG_WARN_UNREACHABLE_CODE = YES;
				CLANG_WARN__DUPLICATE_METHOD_MATCH = YES;
				COPY_PHASE_STRIP = NO;
				DEBUG_INFORMATION_FORMAT = dwarf;
				ENABLE_STRICT_OBJC_MSGSEND = YES;
				ENABLE_TESTABILITY = YES;
				GCC_C_LANGUAGE_STANDARD = gnu11;
				GCC_DYNAMIC_NO_PIC = NO;
				GCC_NO_COMMON_BLOCKS = YES;
				GCC_OPTIMIZATION_LEVEL = 0;
				GCC_PREPROCESSOR_DEFINITIONS = (
					"DEBUG=1",
					"$(inherited)",
				);
				GCC_WARN_64_TO_32_BIT_CONVERSION = YES;
				GCC_WARN_ABOUT_RETURN_TYPE = YES_ERROR;
				GCC_WARN_UNDECLARED_SELECTOR = YES;
				GCC_WARN_UNINITIALIZED_AUTOS = YES_AGGRESSIVE;
				GCC_WARN_UNUSED_FUNCTION = YES;
				GCC_WARN_UNUSED_VARIABLE = YES;
				IPHONEOS_DEPLOYMENT_TARGET = 14.3;
				MTL_ENABLE_DEBUG_INFO = INCLUDE_SOURCE;
				MTL_FAST_MATH = YES;
				ONLY_ACTIVE_ARCH = YES;
				SDKROOT = iphoneos;
				SWIFT_ACTIVE_COMPILATION_CONDITIONS = DEBUG;
				SWIFT_OPTIMIZATION_LEVEL = "-Onone";
			};
			name = Debug;
		};
		C30387182637BAA5008ED43A /* Release */ = {
			isa = XCBuildConfiguration;
			buildSettings = {
				ALWAYS_SEARCH_USER_PATHS = NO;
				CLANG_ANALYZER_NONNULL = YES;
				CLANG_ANALYZER_NUMBER_OBJECT_CONVERSION = YES_AGGRESSIVE;
				CLANG_CXX_LANGUAGE_STANDARD = "gnu++14";
				CLANG_CXX_LIBRARY = "libc++";
				CLANG_ENABLE_MODULES = YES;
				CLANG_ENABLE_OBJC_ARC = YES;
				CLANG_ENABLE_OBJC_WEAK = YES;
				CLANG_WARN_BLOCK_CAPTURE_AUTORELEASING = YES;
				CLANG_WARN_BOOL_CONVERSION = YES;
				CLANG_WARN_COMMA = YES;
				CLANG_WARN_CONSTANT_CONVERSION = YES;
				CLANG_WARN_DEPRECATED_OBJC_IMPLEMENTATIONS = YES;
				CLANG_WARN_DIRECT_OBJC_ISA_USAGE = YES_ERROR;
				CLANG_WARN_DOCUMENTATION_COMMENTS = YES;
				CLANG_WARN_EMPTY_BODY = YES;
				CLANG_WARN_ENUM_CONVERSION = YES;
				CLANG_WARN_INFINITE_RECURSION = YES;
				CLANG_WARN_INT_CONVERSION = YES;
				CLANG_WARN_NON_LITERAL_NULL_CONVERSION = YES;
				CLANG_WARN_OBJC_IMPLICIT_RETAIN_SELF = YES;
				CLANG_WARN_OBJC_LITERAL_CONVERSION = YES;
				CLANG_WARN_OBJC_ROOT_CLASS = YES_ERROR;
				CLANG_WARN_QUOTED_INCLUDE_IN_FRAMEWORK_HEADER = YES;
				CLANG_WARN_RANGE_LOOP_ANALYSIS = YES;
				CLANG_WARN_STRICT_PROTOTYPES = YES;
				CLANG_WARN_SUSPICIOUS_MOVE = YES;
				CLANG_WARN_UNGUARDED_AVAILABILITY = YES_AGGRESSIVE;
				CLANG_WARN_UNREACHABLE_CODE = YES;
				CLANG_WARN__DUPLICATE_METHOD_MATCH = YES;
				COPY_PHASE_STRIP = NO;
				DEBUG_INFORMATION_FORMAT = "dwarf-with-dsym";
				ENABLE_NS_ASSERTIONS = NO;
				ENABLE_STRICT_OBJC_MSGSEND = YES;
				GCC_C_LANGUAGE_STANDARD = gnu11;
				GCC_NO_COMMON_BLOCKS = YES;
				GCC_WARN_64_TO_32_BIT_CONVERSION = YES;
				GCC_WARN_ABOUT_RETURN_TYPE = YES_ERROR;
				GCC_WARN_UNDECLARED_SELECTOR = YES;
				GCC_WARN_UNINITIALIZED_AUTOS = YES_AGGRESSIVE;
				GCC_WARN_UNUSED_FUNCTION = YES;
				GCC_WARN_UNUSED_VARIABLE = YES;
				IPHONEOS_DEPLOYMENT_TARGET = 14.3;
				MTL_ENABLE_DEBUG_INFO = NO;
				MTL_FAST_MATH = YES;
				SDKROOT = iphoneos;
				SWIFT_COMPILATION_MODE = wholemodule;
				SWIFT_OPTIMIZATION_LEVEL = "-O";
				VALIDATE_PRODUCT = YES;
			};
			name = Release;
		};
		C303871A2637BAA5008ED43A /* Debug */ = {
			isa = XCBuildConfiguration;
			baseConfigurationReference = 69F34FD4C7DB411F03FBF325 /* Pods-Reading List App.debug.xcconfig */;
			buildSettings = {
				ASSETCATALOG_COMPILER_APPICON_NAME = AppIcon;
				ASSETCATALOG_COMPILER_GLOBAL_ACCENT_COLOR_NAME = AccentColor;
				CODE_SIGN_STYLE = Automatic;
				DEVELOPMENT_ASSET_PATHS = "\"Reading List App/Preview Content\"";
				DEVELOPMENT_TEAM = Q53T86P258;
				ENABLE_PREVIEWS = YES;
				INFOPLIST_FILE = "Reading List App/Info.plist";
				IPHONEOS_DEPLOYMENT_TARGET = 14.0;
				LD_RUNPATH_SEARCH_PATHS = (
					"$(inherited)",
					"@executable_path/Frameworks",
				);
				PRODUCT_BUNDLE_IDENTIFIER = "test3.Reading-List-App";
				PRODUCT_NAME = "$(TARGET_NAME)";
				SWIFT_VERSION = 5.0;
				TARGETED_DEVICE_FAMILY = "1,2";
			};
			name = Debug;
		};
		C303871B2637BAA5008ED43A /* Release */ = {
			isa = XCBuildConfiguration;
			baseConfigurationReference = B9EDF311BB790D4BAEA2FADC /* Pods-Reading List App.release.xcconfig */;
			buildSettings = {
				ASSETCATALOG_COMPILER_APPICON_NAME = AppIcon;
				ASSETCATALOG_COMPILER_GLOBAL_ACCENT_COLOR_NAME = AccentColor;
				CODE_SIGN_STYLE = Automatic;
				DEVELOPMENT_ASSET_PATHS = "\"Reading List App/Preview Content\"";
				DEVELOPMENT_TEAM = Q53T86P258;
				ENABLE_PREVIEWS = YES;
				INFOPLIST_FILE = "Reading List App/Info.plist";
				IPHONEOS_DEPLOYMENT_TARGET = 14.0;
				LD_RUNPATH_SEARCH_PATHS = (
					"$(inherited)",
					"@executable_path/Frameworks",
				);
				PRODUCT_BUNDLE_IDENTIFIER = "test3.Reading-List-App";
				PRODUCT_NAME = "$(TARGET_NAME)";
				SWIFT_VERSION = 5.0;
				TARGETED_DEVICE_FAMILY = "1,2";
			};
			name = Release;
		};
/* End XCBuildConfiguration section */

/* Begin XCConfigurationList section */
		C30387052637BAA5008ED43A /* Build configuration list for PBXProject "Reading List App" */ = {
			isa = XCConfigurationList;
			buildConfigurations = (
				C30387172637BAA5008ED43A /* Debug */,
				C30387182637BAA5008ED43A /* Release */,
			);
			defaultConfigurationIsVisible = 0;
			defaultConfigurationName = Release;
		};
		C30387192637BAA5008ED43A /* Build configuration list for PBXNativeTarget "Reading List App" */ = {
			isa = XCConfigurationList;
			buildConfigurations = (
				C303871A2637BAA5008ED43A /* Debug */,
				C303871B2637BAA5008ED43A /* Release */,
			);
			defaultConfigurationIsVisible = 0;
			defaultConfigurationName = Release;
		};
/* End XCConfigurationList section */
	};
	rootObject = C30387022637BAA5008ED43A /* Project object */;
}
